
Microsoft Visual Studio Solution File, Format Version 12.00
# Visual Studio Version 16
VisualStudioVersion = 16.0.31205.134
MinimumVisualStudioVersion = 10.0.40219.1
Project("{FAE04EC0-301F-11D3-BF4B-00C04F79EFBC}") = "SolarPanels", "SolarPanels\SolarPanels.csproj", "{665F610A-625B-4683-8BA5-AE19EE281FE6}"
EndProject
Global
	GlobalSection(SolutionConfigurationPlatforms) = preSolution
		Debug|Any CPU = Debug|Any CPU
		Release|Any CPU = Release|Any CPU
	EndGlobalSection
	GlobalSection(ProjectConfigurationPlatforms) = postSolution
		{665F610A-625B-4683-8BA5-AE19EE281FE6}.Debug|Any CPU.ActiveCfg = Debug|Any CPU
		{665F610A-625B-4683-8BA5-AE19EE281FE6}.Debug|Any CPU.Build.0 = Debug|Any CPU
		{665F610A-625B-4683-8BA5-AE19EE281FE6}.Release|Any CPU.ActiveCfg = Release|Any CPU
		{665F610A-625B-4683-8BA5-AE19EE281FE6}.Release|Any CPU.Build.0 = Release|Any CPU
	EndGlobalSection
	GlobalSection(SolutionProperties) = preSolution
		HideSolutionNode = FALSE
	EndGlobalSection
	GlobalSection(ExtensibilityGlobals) = postSolution
		SolutionGuid = {F06BE674-B0E9-4620-8402-2D21DF6C59DF}
	EndGlobalSection
EndGlobal
